
Microsoft Visual Studio Solution File, Format Version 12.00
# Visual Studio Version 16
VisualStudioVersion = 16.0.30621.155
MinimumVisualStudioVersion = 10.0.40219.1
Project("{FAE04EC0-301F-11D3-BF4B-00C04F79EFBC}") = "Presentacion", "WindowsForms\Presentacion.csproj", "{5FC36058-ECD3-440E-BCD6-E0E3CB390AC5}"
EndProject
Project("{FAE04EC0-301F-11D3-BF4B-00C04F79EFBC}") = "Dominio", "Dominio\Dominio.csproj", "{23A811EA-DA88-42E3-BC8D-86203F12502E}"
EndProject
Project("{FAE04EC0-301F-11D3-BF4B-00C04F79EFBC}") = "Negosio", "Negosio\Negosio.csproj", "{BF1768F9-9DA8-4834-870E-765926EC2502}"
EndProject
Global
	GlobalSection(SolutionConfigurationPlatforms) = preSolution
		Debug|Any CPU = Debug|Any CPU
		Release|Any CPU = Release|Any CPU
	EndGlobalSection
	GlobalSection(ProjectConfigurationPlatforms) = postSolution
		{5FC36058-ECD3-440E-BCD6-E0E3CB390AC5}.Debug|Any CPU.ActiveCfg = Debug|Any CPU
		{5FC36058-ECD3-440E-BCD6-E0E3CB390AC5}.Debug|Any CPU.Build.0 = Debug|Any CPU
		{5FC36058-ECD3-440E-BCD6-E0E3CB390AC5}.Release|Any CPU.ActiveCfg = Release|Any CPU
		{5FC36058-ECD3-440E-BCD6-E0E3CB390AC5}.Release|Any CPU.Build.0 = Release|Any CPU
		{23A811EA-DA88-42E3-BC8D-86203F12502E}.Debug|Any CPU.ActiveCfg = Debug|Any CPU
		{23A811EA-DA88-42E3-BC8D-86203F12502E}.Debug|Any CPU.Build.0 = Debug|Any CPU
		{23A811EA-DA88-42E3-BC8D-86203F12502E}.Release|Any CPU.ActiveCfg = Release|Any CPU
		{23A811EA-DA88-42E3-BC8D-86203F12502E}.Release|Any CPU.Build.0 = Release|Any CPU
		{BF1768F9-9DA8-4834-870E-765926EC2502}.Debug|Any CPU.ActiveCfg = Debug|Any CPU
		{BF1768F9-9DA8-4834-870E-765926EC2502}.Debug|Any CPU.Build.0 = Debug|Any CPU
		{BF1768F9-9DA8-4834-870E-765926EC2502}.Release|Any CPU.ActiveCfg = Release|Any CPU
		{BF1768F9-9DA8-4834-870E-765926EC2502}.Release|Any CPU.Build.0 = Release|Any CPU
	EndGlobalSection
	GlobalSection(SolutionProperties) = preSolution
		HideSolutionNode = FALSE
	EndGlobalSection
	GlobalSection(ExtensibilityGlobals) = postSolution
		SolutionGuid = {D7FAAA7B-5F79-435F-B8D8-3EF1BF43A289}
	EndGlobalSection
EndGlobal
